
Microsoft Visual Studio Solution File, Format Version 12.00
# Visual Studio Version 16
VisualStudioVersion = 16.0.30804.86
MinimumVisualStudioVersion = 10.0.40219.1
Project("{888888A0-9F3D-457C-B088-3A5042F75D52}") = "Timetable Planner", "Timetable Planner\Timetable Planner.pyproj", "{B70A9458-A781-4549-823D-87BEA9C8068D}"
EndProject
Global
	GlobalSection(SolutionConfigurationPlatforms) = preSolution
		Debug|Any CPU = Debug|Any CPU
		Release|Any CPU = Release|Any CPU
	EndGlobalSection
	GlobalSection(ProjectConfigurationPlatforms) = postSolution
		{B70A9458-A781-4549-823D-87BEA9C8068D}.Debug|Any CPU.ActiveCfg = Debug|Any CPU
		{B70A9458-A781-4549-823D-87BEA9C8068D}.Release|Any CPU.ActiveCfg = Release|Any CPU
	EndGlobalSection
	GlobalSection(SolutionProperties) = preSolution
		HideSolutionNode = FALSE
	EndGlobalSection
	GlobalSection(ExtensibilityGlobals) = postSolution
		SolutionGuid = {21B1B85D-5473-4A45-B58F-05473EDDA7E8}
	EndGlobalSection
EndGlobal
